
Microsoft Visual Studio Solution File, Format Version 12.00
# Visual Studio Version 16
VisualStudioVersion = 16.0.30907.101
MinimumVisualStudioVersion = 10.0.40219.1
Project("{FAE04EC0-301F-11D3-BF4B-00C04F79EFBC}") = "Csharp_2021_Rechnung", "Csharp_2021_Rechnung\Csharp_2021_Rechnung.csproj", "{91FBAD05-13E0-40E7-AD2A-E821FE93D127}"
EndProject
Global
	GlobalSection(SolutionConfigurationPlatforms) = preSolution
		Debug|Any CPU = Debug|Any CPU
		Release|Any CPU = Release|Any CPU
	EndGlobalSection
	GlobalSection(ProjectConfigurationPlatforms) = postSolution
		{91FBAD05-13E0-40E7-AD2A-E821FE93D127}.Debug|Any CPU.ActiveCfg = Debug|Any CPU
		{91FBAD05-13E0-40E7-AD2A-E821FE93D127}.Debug|Any CPU.Build.0 = Debug|Any CPU
		{91FBAD05-13E0-40E7-AD2A-E821FE93D127}.Release|Any CPU.ActiveCfg = Release|Any CPU
		{91FBAD05-13E0-40E7-AD2A-E821FE93D127}.Release|Any CPU.Build.0 = Release|Any CPU
	EndGlobalSection
	GlobalSection(SolutionProperties) = preSolution
		HideSolutionNode = FALSE
	EndGlobalSection
	GlobalSection(ExtensibilityGlobals) = postSolution
		SolutionGuid = {2C29BAFD-0FD8-4839-AAEC-8A6C1FECFC11}
	EndGlobalSection
EndGlobal
